{
  "pins" : [
    {
      "identity" : "chimekit",
      "kind" : "remoteSourceControl",
      "location" : "https://github.com/ChimeHQ/ChimeKit",
      "state" : {
        "revision" : "ef60392c0700a7d312e54d01aa58f57cd61a4bf9",
        "version" : "0.2.0"
      }
    },
    {
      "identity" : "concurrencyplus",
      "kind" : "remoteSourceControl",
      "location" : "https://github.com/ChimeHQ/ConcurrencyPlus",
      "state" : {
        "revision" : "d603e3f8be17e71d93ec650fb31674b928b26e22",
        "version" : "0.3.3"
      }
    },
    {
      "identity" : "extendable",
      "kind" : "remoteSourceControl",
      "location" : "https://github.com/ChimeHQ/Extendable",
      "state" : {
        "revision" : "1e5f8b3b4e64fcfca4bfd5b0b38679cac7ea14c9",
        "version" : "0.1.1"
      }
    },
    {
      "identity" : "fseventswrapper",
      "kind" : "remoteSourceControl",
      "location" : "https://github.com/Frizlab/FSEventsWrapper",
      "state" : {
        "revision" : "e0c59a2ce2775e5f6642da6d19207445f10112d0",
        "version" : "1.0.2"
      }
    },
    {
      "identity" : "glob",
      "kind" : "remoteSourceControl",
      "location" : "https://github.com/Bouke/Glob",
      "state" : {
        "revision" : "deda6e163d2ff2a8d7e138e2c3326dbd71157faf",
        "version" : "1.0.5"
      }
    },
    {
      "identity" : "jsonrpc",
      "kind" : "remoteSourceControl",
      "location" : "https://github.com/ChimeHQ/JSONRPC",
      "state" : {
        "revision" : "afc20d00e38674774f84edc325424a32ae3b9e01",
        "version" : "0.7.0"
      }
    },
    {
      "identity" : "languageclient",
      "kind" : "remoteSourceControl",
      "location" : "https://github.com/ChimeHQ/LanguageClient",
      "state" : {
        "revision" : "92beeecd0bb783da52227839ba6c55e43fc866ec",
        "version" : "0.5.1"
      }
    },
    {
      "identity" : "languageserverprotocol",
      "kind" : "remoteSourceControl",
      "location" : "https://github.com/ChimeHQ/LanguageServerProtocol",
      "state" : {
        "revision" : "192bcfdcf7a013da49c6fa1b95de66254ce7c614",
        "version" : "0.9.1"
      }
    },
    {
      "identity" : "processenv",
      "kind" : "remoteSourceControl",
      "location" : "https://github.com/ChimeHQ/ProcessEnv",
      "state" : {
        "revision" : "7bcb6c11593be08456f48042fad1a7bf875f217a",
        "version" : "0.3.0"
      }
    },
    {
      "identity" : "processservice",
      "kind" : "remoteSourceControl",
      "location" : "https://github.com/ChimeHQ/ProcessService",
      "state" : {
        "revision" : "e759eb8038c675e86f8b4b703dd3298e62a8e340",
        "version" : "0.2.3"
      }
    }
  ],
  "version" : 2
}
