// !$*UTF8*$!
{
	archiveVersion = 1;
	classes = {
	};
	objectVersion = 56;
	objects = {

/* Begin PBXBuildFile section */
		C95906D928C8D49D002C9696 /* SwiftExtensionContainerApp.swift in Sources */ = {isa = PBXBuildFile; fileRef = C95906D828C8D49D002C9696 /* SwiftExtensionContainerApp.swift */; };
		C95906DB28C8D49D002C9696 /* ContentView.swift in Sources */ = {isa = PBXBuildFile; fileRef = C95906DA28C8D49D002C9696 /* ContentView.swift */; };
		C95906DD28C8D49E002C9696 /* Assets.xcassets in Resources */ = {isa = PBXBuildFile; fileRef = C95906DC28C8D49E002C9696 /* Assets.xcassets */; };
		C95906E028C8D49E002C9696 /* Preview Assets.xcassets in Resources */ = {isa = PBXBuildFile; fileRef = C95906DF28C8D49E002C9696 /* Preview Assets.xcassets */; };
		C9C51FA628D9D2F700998F53 /* ChimeSwift in Frameworks */ = {isa = PBXBuildFile; productRef = C9C51FA528D9D2F700998F53 /* ChimeSwift */; };
		C9CD9F5028E7468300D9A983 /* ChimeKit.xcframework in Frameworks */ = {isa = PBXBuildFile; fileRef = C9CD9F4F28E7468300D9A983 /* ChimeKit.xcframework */; };
		C9CD9F5128E7468300D9A983 /* ChimeKit.xcframework in Embed Frameworks */ = {isa = PBXBuildFile; fileRef = C9CD9F4F28E7468300D9A983 /* ChimeKit.xcframework */; settings = {ATTRIBUTES = (CodeSignOnCopy, RemoveHeadersOnCopy, ); }; };
		C9D5C31128C8D4F80005BC69 /* SwiftStandaloneExtension.swift in Sources */ = {isa = PBXBuildFile; fileRef = C9D5C31028C8D4F80005BC69 /* SwiftStandaloneExtension.swift */; };
		C9D5C31628C8D4F80005BC69 /* SwiftExtension.appex in Embed ExtensionKit Extensions */ = {isa = PBXBuildFile; fileRef = C9D5C30E28C8D4F80005BC69 /* SwiftExtension.appex */; settings = {ATTRIBUTES = (RemoveHeadersOnCopy, ); }; };
/* End PBXBuildFile section */

/* Begin PBXCopyFilesBuildPhase section */
		C9CD9F5228E7468400D9A983 /* Embed Frameworks */ = {
			isa = PBXCopyFilesBuildPhase;
			buildActionMask = 2147483647;
			dstPath = "";
			dstSubfolderSpec = 10;
			files = (
				C9CD9F5128E7468300D9A983 /* ChimeKit.xcframework in Embed Frameworks */,
			);
			name = "Embed Frameworks";
			runOnlyForDeploymentPostprocessing = 0;
		};
		C9D5C31728C8D4F80005BC69 /* Embed ExtensionKit Extensions */ = {
			isa = PBXCopyFilesBuildPhase;
			buildActionMask = 2147483647;
			dstPath = "$(EXTENSIONS_FOLDER_PATH)";
			dstSubfolderSpec = 16;
			files = (
				C9D5C31628C8D4F80005BC69 /* SwiftExtension.appex in Embed ExtensionKit Extensions */,
			);
			name = "Embed ExtensionKit Extensions";
			runOnlyForDeploymentPostprocessing = 0;
		};
/* End PBXCopyFilesBuildPhase section */

/* Begin PBXFileReference section */
		C95906D528C8D49D002C9696 /* SwiftExtensionContainer.app */ = {isa = PBXFileReference; explicitFileType = wrapper.application; includeInIndex = 0; path = SwiftExtensionContainer.app; sourceTree = BUILT_PRODUCTS_DIR; };
		C95906D828C8D49D002C9696 /* SwiftExtensionContainerApp.swift */ = {isa = PBXFileReference; lastKnownFileType = sourcecode.swift; path = SwiftExtensionContainerApp.swift; sourceTree = "<group>"; };
		C95906DA28C8D49D002C9696 /* ContentView.swift */ = {isa = PBXFileReference; lastKnownFileType = sourcecode.swift; path = ContentView.swift; sourceTree = "<group>"; };
		C95906DC28C8D49E002C9696 /* Assets.xcassets */ = {isa = PBXFileReference; lastKnownFileType = folder.assetcatalog; path = Assets.xcassets; sourceTree = "<group>"; };
		C95906DF28C8D49E002C9696 /* Preview Assets.xcassets */ = {isa = PBXFileReference; lastKnownFileType = folder.assetcatalog; path = "Preview Assets.xcassets"; sourceTree = "<group>"; };
		C95906E128C8D49E002C9696 /* SwiftExtensionContainer.entitlements */ = {isa = PBXFileReference; lastKnownFileType = text.plist.entitlements; path = SwiftExtensionContainer.entitlements; sourceTree = "<group>"; };
		C9C51FA428D9D2C900998F53 /* chime-swift */ = {isa = PBXFileReference; lastKnownFileType = wrapper; name = "chime-swift"; path = ..; sourceTree = "<group>"; };
		C9CD9F4F28E7468300D9A983 /* ChimeKit.xcframework */ = {isa = PBXFileReference; lastKnownFileType = wrapper.xcframework; name = ChimeKit.xcframework; path = ../../ChimeKit/ChimeKit.xcframework; sourceTree = "<group>"; };
		C9D5C30E28C8D4F80005BC69 /* SwiftExtension.appex */ = {isa = PBXFileReference; explicitFileType = "wrapper.extensionkit-extension"; includeInIndex = 0; path = SwiftExtension.appex; sourceTree = BUILT_PRODUCTS_DIR; };
		C9D5C31028C8D4F80005BC69 /* SwiftStandaloneExtension.swift */ = {isa = PBXFileReference; lastKnownFileType = sourcecode.swift; path = SwiftStandaloneExtension.swift; sourceTree = "<group>"; };
		C9D5C31228C8D4F80005BC69 /* Info.plist */ = {isa = PBXFileReference; lastKnownFileType = text.plist.xml; path = Info.plist; sourceTree = "<group>"; };
		C9D5C31328C8D4F80005BC69 /* SwiftExtension.entitlements */ = {isa = PBXFileReference; lastKnownFileType = text.plist.entitlements; path = SwiftExtension.entitlements; sourceTree = "<group>"; };
/* End PBXFileReference section */

/* Begin PBXFrameworksBuildPhase section */
		C95906D228C8D49D002C9696 /* Frameworks */ = {
			isa = PBXFrameworksBuildPhase;
			buildActionMask = 2147483647;
			files = (
				C9CD9F5028E7468300D9A983 /* ChimeKit.xcframework in Frameworks */,
			);
			runOnlyForDeploymentPostprocessing = 0;
		};
		C9D5C30B28C8D4F80005BC69 /* Frameworks */ = {
			isa = PBXFrameworksBuildPhase;
			buildActionMask = 2147483647;
			files = (
				C9C51FA628D9D2F700998F53 /* ChimeSwift in Frameworks */,
			);
			runOnlyForDeploymentPostprocessing = 0;
		};
/* End PBXFrameworksBuildPhase section */

/* Begin PBXGroup section */
		C95906CC28C8D49D002C9696 = {
			isa = PBXGroup;
			children = (
				C9C51FA428D9D2C900998F53 /* chime-swift */,
				C95906D728C8D49D002C9696 /* SwiftExtensionContainer */,
				C9D5C30F28C8D4F80005BC69 /* SwiftExtension */,
				C95906D628C8D49D002C9696 /* Products */,
				C9D5C32128C8D5930005BC69 /* Frameworks */,
			);
			sourceTree = "<group>";
		};
		C95906D628C8D49D002C9696 /* Products */ = {
			isa = PBXGroup;
			children = (
				C95906D528C8D49D002C9696 /* SwiftExtensionContainer.app */,
				C9D5C30E28C8D4F80005BC69 /* SwiftExtension.appex */,
			);
			name = Products;
			sourceTree = "<group>";
		};
		C95906D728C8D49D002C9696 /* SwiftExtensionContainer */ = {
			isa = PBXGroup;
			children = (
				C95906D828C8D49D002C9696 /* SwiftExtensionContainerApp.swift */,
				C95906DA28C8D49D002C9696 /* ContentView.swift */,
				C95906DC28C8D49E002C9696 /* Assets.xcassets */,
				C95906E128C8D49E002C9696 /* SwiftExtensionContainer.entitlements */,
				C95906DE28C8D49E002C9696 /* Preview Content */,
			);
			path = SwiftExtensionContainer;
			sourceTree = "<group>";
		};
		C95906DE28C8D49E002C9696 /* Preview Content */ = {
			isa = PBXGroup;
			children = (
				C95906DF28C8D49E002C9696 /* Preview Assets.xcassets */,
			);
			path = "Preview Content";
			sourceTree = "<group>";
		};
		C9D5C30F28C8D4F80005BC69 /* SwiftExtension */ = {
			isa = PBXGroup;
			children = (
				C9D5C31028C8D4F80005BC69 /* SwiftStandaloneExtension.swift */,
				C9D5C31228C8D4F80005BC69 /* Info.plist */,
				C9D5C31328C8D4F80005BC69 /* SwiftExtension.entitlements */,
			);
			path = SwiftExtension;
			sourceTree = "<group>";
		};
		C9D5C32128C8D5930005BC69 /* Frameworks */ = {
			isa = PBXGroup;
			children = (
				C9CD9F4F28E7468300D9A983 /* ChimeKit.xcframework */,
			);
			name = Frameworks;
			sourceTree = "<group>";
		};
/* End PBXGroup section */

/* Begin PBXNativeTarget section */
		C95906D428C8D49D002C9696 /* SwiftExtensionContainer */ = {
			isa = PBXNativeTarget;
			buildConfigurationList = C95906E428C8D49E002C9696 /* Build configuration list for PBXNativeTarget "SwiftExtensionContainer" */;
			buildPhases = (
				C95906D128C8D49D002C9696 /* Sources */,
				C95906D228C8D49D002C9696 /* Frameworks */,
				C95906D328C8D49D002C9696 /* Resources */,
				C9D5C31728C8D4F80005BC69 /* Embed ExtensionKit Extensions */,
				C9CD9F5228E7468400D9A983 /* Embed Frameworks */,
			);
			buildRules = (
			);
			dependencies = (
			);
			name = SwiftExtensionContainer;
			productName = SwiftExtensionContainer;
			productReference = C95906D528C8D49D002C9696 /* SwiftExtensionContainer.app */;
			productType = "com.apple.product-type.application";
		};
		C9D5C30D28C8D4F80005BC69 /* SwiftExtension */ = {
			isa = PBXNativeTarget;
			buildConfigurationList = C9D5C31A28C8D4F80005BC69 /* Build configuration list for PBXNativeTarget "SwiftExtension" */;
			buildPhases = (
				C9D5C30A28C8D4F80005BC69 /* Sources */,
				C9D5C30B28C8D4F80005BC69 /* Frameworks */,
				C9D5C30C28C8D4F80005BC69 /* Resources */,
			);
			buildRules = (
			);
			dependencies = (
				C9CD9FF928EAFC5500D9A983 /* PBXTargetDependency */,
			);
			name = SwiftExtension;
			packageProductDependencies = (
				C9C51FA528D9D2F700998F53 /* ChimeSwift */,
			);
			productName = SwiftExtension;
			productReference = C9D5C30E28C8D4F80005BC69 /* SwiftExtension.appex */;
			productType = "com.apple.product-type.extensionkit-extension";
		};
/* End PBXNativeTarget section */

/* Begin PBXProject section */
		C95906CD28C8D49D002C9696 /* Project object */ = {
			isa = PBXProject;
			attributes = {
				BuildIndependentTargetsInParallel = 1;
				LastSwiftUpdateCheck = 1400;
				LastUpgradeCheck = 1400;
				TargetAttributes = {
					C95906D428C8D49D002C9696 = {
						CreatedOnToolsVersion = 14.0;
					};
					C9D5C30D28C8D4F80005BC69 = {
						CreatedOnToolsVersion = 14.0;
					};
				};
			};
			buildConfigurationList = C95906D028C8D49D002C9696 /* Build configuration list for PBXProject "SwiftExtensionContainer" */;
			compatibilityVersion = "Xcode 14.0";
			developmentRegion = en;
			hasScannedForEncodings = 0;
			knownRegions = (
				en,
				Base,
			);
			mainGroup = C95906CC28C8D49D002C9696;
			packageReferences = (
			);
			productRefGroup = C95906D628C8D49D002C9696 /* Products */;
			projectDirPath = "";
			projectRoot = "";
			targets = (
				C95906D428C8D49D002C9696 /* SwiftExtensionContainer */,
				C9D5C30D28C8D4F80005BC69 /* SwiftExtension */,
			);
		};
/* End PBXProject section */

/* Begin PBXResourcesBuildPhase section */
		C95906D328C8D49D002C9696 /* Resources */ = {
			isa = PBXResourcesBuildPhase;
			buildActionMask = 2147483647;
			files = (
				C95906E028C8D49E002C9696 /* Preview Assets.xcassets in Resources */,
				C95906DD28C8D49E002C9696 /* Assets.xcassets in Resources */,
			);
			runOnlyForDeploymentPostprocessing = 0;
		};
		C9D5C30C28C8D4F80005BC69 /* Resources */ = {
			isa = PBXResourcesBuildPhase;
			buildActionMask = 2147483647;
			files = (
			);
			runOnlyForDeploymentPostprocessing = 0;
		};
/* End PBXResourcesBuildPhase section */

/* Begin PBXSourcesBuildPhase section */
		C95906D128C8D49D002C9696 /* Sources */ = {
			isa = PBXSourcesBuildPhase;
			buildActionMask = 2147483647;
			files = (
				C95906DB28C8D49D002C9696 /* ContentView.swift in Sources */,
				C95906D928C8D49D002C9696 /* SwiftExtensionContainerApp.swift in Sources */,
			);
			runOnlyForDeploymentPostprocessing = 0;
		};
		C9D5C30A28C8D4F80005BC69 /* Sources */ = {
			isa = PBXSourcesBuildPhase;
			buildActionMask = 2147483647;
			files = (
				C9D5C31128C8D4F80005BC69 /* SwiftStandaloneExtension.swift in Sources */,
			);
			runOnlyForDeploymentPostprocessing = 0;
		};
/* End PBXSourcesBuildPhase section */

/* Begin PBXTargetDependency section */
		C9CD9FF928EAFC5500D9A983 /* PBXTargetDependency */ = {
			isa = PBXTargetDependency;
			productRef = C9CD9FF828EAFC5500D9A983 /* ChimeSwift */;
		};
/* End PBXTargetDependency section */

/* Begin XCBuildConfiguration section */
		C95906E228C8D49E002C9696 /* Debug */ = {
			isa = XCBuildConfiguration;
			buildSettings = {
				ALWAYS_SEARCH_USER_PATHS = NO;
				CLANG_ANALYZER_NONNULL = YES;
				CLANG_ANALYZER_NUMBER_OBJECT_CONVERSION = YES_AGGRESSIVE;
				CLANG_CXX_LANGUAGE_STANDARD = "gnu++20";
				CLANG_ENABLE_MODULES = YES;
				CLANG_ENABLE_OBJC_ARC = YES;
				CLANG_ENABLE_OBJC_WEAK = YES;
				CLANG_WARN_BLOCK_CAPTURE_AUTORELEASING = YES;
				CLANG_WARN_BOOL_CONVERSION = YES;
				CLANG_WARN_COMMA = YES;
				CLANG_WARN_CONSTANT_CONVERSION = YES;
				CLANG_WARN_DEPRECATED_OBJC_IMPLEMENTATIONS = YES;
				CLANG_WARN_DIRECT_OBJC_ISA_USAGE = YES_ERROR;
				CLANG_WARN_DOCUMENTATION_COMMENTS = YES;
				CLANG_WARN_EMPTY_BODY = YES;
				CLANG_WARN_ENUM_CONVERSION = YES;
				CLANG_WARN_INFINITE_RECURSION = YES;
				CLANG_WARN_INT_CONVERSION = YES;
				CLANG_WARN_NON_LITERAL_NULL_CONVERSION = YES;
				CLANG_WARN_OBJC_IMPLICIT_RETAIN_SELF = YES;
				CLANG_WARN_OBJC_LITERAL_CONVERSION = YES;
				CLANG_WARN_OBJC_ROOT_CLASS = YES_ERROR;
				CLANG_WARN_QUOTED_INCLUDE_IN_FRAMEWORK_HEADER = YES;
				CLANG_WARN_RANGE_LOOP_ANALYSIS = YES;
				CLANG_WARN_STRICT_PROTOTYPES = YES;
				CLANG_WARN_SUSPICIOUS_MOVE = YES;
				CLANG_WARN_UNGUARDED_AVAILABILITY = YES_AGGRESSIVE;
				CLANG_WARN_UNREACHABLE_CODE = YES;
				CLANG_WARN__DUPLICATE_METHOD_MATCH = YES;
				COPY_PHASE_STRIP = NO;
				DEBUG_INFORMATION_FORMAT = dwarf;
				ENABLE_STRICT_OBJC_MSGSEND = YES;
				ENABLE_TESTABILITY = YES;
				GCC_C_LANGUAGE_STANDARD = gnu11;
				GCC_DYNAMIC_NO_PIC = NO;
				GCC_NO_COMMON_BLOCKS = YES;
				GCC_OPTIMIZATION_LEVEL = 0;
				GCC_PREPROCESSOR_DEFINITIONS = (
					"DEBUG=1",
					"$(inherited)",
				);
				GCC_WARN_64_TO_32_BIT_CONVERSION = YES;
				GCC_WARN_ABOUT_RETURN_TYPE = YES_ERROR;
				GCC_WARN_UNDECLARED_SELECTOR = YES;
				GCC_WARN_UNINITIALIZED_AUTOS = YES_AGGRESSIVE;
				GCC_WARN_UNUSED_FUNCTION = YES;
				GCC_WARN_UNUSED_VARIABLE = YES;
				MACOSX_DEPLOYMENT_TARGET = 13.0;
				MTL_ENABLE_DEBUG_INFO = INCLUDE_SOURCE;
				MTL_FAST_MATH = YES;
				ONLY_ACTIVE_ARCH = YES;
				SDKROOT = macosx;
				SWIFT_ACTIVE_COMPILATION_CONDITIONS = DEBUG;
				SWIFT_OPTIMIZATION_LEVEL = "-Onone";
			};
			name = Debug;
		};
		C95906E328C8D49E002C9696 /* Release */ = {
			isa = XCBuildConfiguration;
			buildSettings = {
				ALWAYS_SEARCH_USER_PATHS = NO;
				CLANG_ANALYZER_NONNULL = YES;
				CLANG_ANALYZER_NUMBER_OBJECT_CONVERSION = YES_AGGRESSIVE;
				CLANG_CXX_LANGUAGE_STANDARD = "gnu++20";
				CLANG_ENABLE_MODULES = YES;
				CLANG_ENABLE_OBJC_ARC = YES;
				CLANG_ENABLE_OBJC_WEAK = YES;
				CLANG_WARN_BLOCK_CAPTURE_AUTORELEASING = YES;
				CLANG_WARN_BOOL_CONVERSION = YES;
				CLANG_WARN_COMMA = YES;
				CLANG_WARN_CONSTANT_CONVERSION = YES;
				CLANG_WARN_DEPRECATED_OBJC_IMPLEMENTATIONS = YES;
				CLANG_WARN_DIRECT_OBJC_ISA_USAGE = YES_ERROR;
				CLANG_WARN_DOCUMENTATION_COMMENTS = YES;
				CLANG_WARN_EMPTY_BODY = YES;
				CLANG_WARN_ENUM_CONVERSION = YES;
				CLANG_WARN_INFINITE_RECURSION = YES;
				CLANG_WARN_INT_CONVERSION = YES;
				CLANG_WARN_NON_LITERAL_NULL_CONVERSION = YES;
				CLANG_WARN_OBJC_IMPLICIT_RETAIN_SELF = YES;
				CLANG_WARN_OBJC_LITERAL_CONVERSION = YES;
				CLANG_WARN_OBJC_ROOT_CLASS = YES_ERROR;
				CLANG_WARN_QUOTED_INCLUDE_IN_FRAMEWORK_HEADER = YES;
				CLANG_WARN_RANGE_LOOP_ANALYSIS = YES;
				CLANG_WARN_STRICT_PROTOTYPES = YES;
				CLANG_WARN_SUSPICIOUS_MOVE = YES;
				CLANG_WARN_UNGUARDED_AVAILABILITY = YES_AGGRESSIVE;
				CLANG_WARN_UNREACHABLE_CODE = YES;
				CLANG_WARN__DUPLICATE_METHOD_MATCH = YES;
				COPY_PHASE_STRIP = NO;
				DEBUG_INFORMATION_FORMAT = "dwarf-with-dsym";
				ENABLE_NS_ASSERTIONS = NO;
				ENABLE_STRICT_OBJC_MSGSEND = YES;
				GCC_C_LANGUAGE_STANDARD = gnu11;
				GCC_NO_COMMON_BLOCKS = YES;
				GCC_WARN_64_TO_32_BIT_CONVERSION = YES;
				GCC_WARN_ABOUT_RETURN_TYPE = YES_ERROR;
				GCC_WARN_UNDECLARED_SELECTOR = YES;
				GCC_WARN_UNINITIALIZED_AUTOS = YES_AGGRESSIVE;
				GCC_WARN_UNUSED_FUNCTION = YES;
				GCC_WARN_UNUSED_VARIABLE = YES;
				MACOSX_DEPLOYMENT_TARGET = 13.0;
				MTL_ENABLE_DEBUG_INFO = NO;
				MTL_FAST_MATH = YES;
				SDKROOT = macosx;
				SWIFT_COMPILATION_MODE = wholemodule;
				SWIFT_OPTIMIZATION_LEVEL = "-O";
			};
			name = Release;
		};
		C95906E528C8D49E002C9696 /* Debug */ = {
			isa = XCBuildConfiguration;
			buildSettings = {
				ALWAYS_EMBED_SWIFT_STANDARD_LIBRARIES = YES;
				ASSETCATALOG_COMPILER_APPICON_NAME = AppIcon;
				ASSETCATALOG_COMPILER_GLOBAL_ACCENT_COLOR_NAME = AccentColor;
				CODE_SIGN_ENTITLEMENTS = SwiftExtensionContainer/SwiftExtensionContainer.entitlements;
				CODE_SIGN_STYLE = Automatic;
				COMBINE_HIDPI_IMAGES = YES;
				CURRENT_PROJECT_VERSION = 1;
				DEVELOPMENT_ASSET_PATHS = "\"SwiftExtensionContainer/Preview Content\"";
				ENABLE_PREVIEWS = YES;
				GENERATE_INFOPLIST_FILE = YES;
				INFOPLIST_KEY_NSHumanReadableCopyright = "";
				LD_RUNPATH_SEARCH_PATHS = (
					"$(inherited)",
					"@executable_path/../Frameworks",
				);
				MARKETING_VERSION = 1.0;
				PRODUCT_BUNDLE_IDENTIFIER = com.chimehq.SwiftExtensionContainer;
				PRODUCT_NAME = "$(TARGET_NAME)";
				SWIFT_EMIT_LOC_STRINGS = YES;
				SWIFT_VERSION = 5.0;
			};
			name = Debug;
		};
		C95906E628C8D49E002C9696 /* Release */ = {
			isa = XCBuildConfiguration;
			buildSettings = {
				ALWAYS_EMBED_SWIFT_STANDARD_LIBRARIES = YES;
				ASSETCATALOG_COMPILER_APPICON_NAME = AppIcon;
				ASSETCATALOG_COMPILER_GLOBAL_ACCENT_COLOR_NAME = AccentColor;
				CODE_SIGN_ENTITLEMENTS = SwiftExtensionContainer/SwiftExtensionContainer.entitlements;
				CODE_SIGN_STYLE = Automatic;
				COMBINE_HIDPI_IMAGES = YES;
				CURRENT_PROJECT_VERSION = 1;
				DEVELOPMENT_ASSET_PATHS = "\"SwiftExtensionContainer/Preview Content\"";
				ENABLE_PREVIEWS = YES;
				GENERATE_INFOPLIST_FILE = YES;
				INFOPLIST_KEY_NSHumanReadableCopyright = "";
				LD_RUNPATH_SEARCH_PATHS = (
					"$(inherited)",
					"@executable_path/../Frameworks",
				);
				MARKETING_VERSION = 1.0;
				PRODUCT_BUNDLE_IDENTIFIER = com.chimehq.SwiftExtensionContainer;
				PRODUCT_NAME = "$(TARGET_NAME)";
				SWIFT_EMIT_LOC_STRINGS = YES;
				SWIFT_VERSION = 5.0;
			};
			name = Release;
		};
		C9D5C31828C8D4F80005BC69 /* Debug */ = {
			isa = XCBuildConfiguration;
			buildSettings = {
				CODE_SIGN_ENTITLEMENTS = SwiftExtension/SwiftExtension.entitlements;
				CODE_SIGN_STYLE = Automatic;
				CURRENT_PROJECT_VERSION = 1;
				GENERATE_INFOPLIST_FILE = YES;
				INFOPLIST_FILE = SwiftExtension/Info.plist;
				INFOPLIST_KEY_CFBundleDisplayName = SwiftExtension;
				INFOPLIST_KEY_NSHumanReadableCopyright = "";
				LD_RUNPATH_SEARCH_PATHS = (
					"$(inherited)",
					"@executable_path/../Frameworks",
					"@executable_path/../../../../Frameworks",
				);
				MACOSX_DEPLOYMENT_TARGET = 13.0;
				MARKETING_VERSION = 1.0;
				PRODUCT_BUNDLE_IDENTIFIER = com.chimehq.SwiftExtensionContainer.SwiftExtension;
				PRODUCT_NAME = "$(TARGET_NAME)";
				SKIP_INSTALL = YES;
				SWIFT_EMIT_LOC_STRINGS = YES;
				SWIFT_VERSION = 5.0;
			};
			name = Debug;
		};
		C9D5C31928C8D4F80005BC69 /* Release */ = {
			isa = XCBuildConfiguration;
			buildSettings = {
				CODE_SIGN_ENTITLEMENTS = SwiftExtension/SwiftExtension.entitlements;
				CODE_SIGN_STYLE = Automatic;
				CURRENT_PROJECT_VERSION = 1;
				GENERATE_INFOPLIST_FILE = YES;
				INFOPLIST_FILE = SwiftExtension/Info.plist;
				INFOPLIST_KEY_CFBundleDisplayName = SwiftExtension;
				INFOPLIST_KEY_NSHumanReadableCopyright = "";
				LD_RUNPATH_SEARCH_PATHS = (
					"$(inherited)",
					"@executable_path/../Frameworks",
					"@executable_path/../../../../Frameworks",
				);
				MACOSX_DEPLOYMENT_TARGET = 13.0;
				MARKETING_VERSION = 1.0;
				PRODUCT_BUNDLE_IDENTIFIER = com.chimehq.SwiftExtensionContainer.SwiftExtension;
				PRODUCT_NAME = "$(TARGET_NAME)";
				SKIP_INSTALL = YES;
				SWIFT_EMIT_LOC_STRINGS = YES;
				SWIFT_VERSION = 5.0;
			};
			name = Release;
		};
/* End XCBuildConfiguration section */

/* Begin XCConfigurationList section */
		C95906D028C8D49D002C9696 /* Build configuration list for PBXProject "SwiftExtensionContainer" */ = {
			isa = XCConfigurationList;
			buildConfigurations = (
				C95906E228C8D49E002C9696 /* Debug */,
				C95906E328C8D49E002C9696 /* Release */,
			);
			defaultConfigurationIsVisible = 0;
			defaultConfigurationName = Release;
		};
		C95906E428C8D49E002C9696 /* Build configuration list for PBXNativeTarget "SwiftExtensionContainer" */ = {
			isa = XCConfigurationList;
			buildConfigurations = (
				C95906E528C8D49E002C9696 /* Debug */,
				C95906E628C8D49E002C9696 /* Release */,
			);
			defaultConfigurationIsVisible = 0;
			defaultConfigurationName = Release;
		};
		C9D5C31A28C8D4F80005BC69 /* Build configuration list for PBXNativeTarget "SwiftExtension" */ = {
			isa = XCConfigurationList;
			buildConfigurations = (
				C9D5C31828C8D4F80005BC69 /* Debug */,
				C9D5C31928C8D4F80005BC69 /* Release */,
			);
			defaultConfigurationIsVisible = 0;
			defaultConfigurationName = Release;
		};
/* End XCConfigurationList section */

/* Begin XCSwiftPackageProductDependency section */
		C9C51FA528D9D2F700998F53 /* ChimeSwift */ = {
			isa = XCSwiftPackageProductDependency;
			productName = ChimeSwift;
		};
		C9CD9FF828EAFC5500D9A983 /* ChimeSwift */ = {
			isa = XCSwiftPackageProductDependency;
			productName = ChimeSwift;
		};
/* End XCSwiftPackageProductDependency section */
	};
	rootObject = C95906CD28C8D49D002C9696 /* Project object */;
}
